// !$*UTF8*$!
{
	archiveVersion = 1;
	classes = {
	};
	objectVersion = 56;
	objects = {

/* Begin PBXBuildFile section */
		DD60217C2C76DAF500FE5280 /* MockNetworkManager.swift in Sources */ = {isa = PBXBuildFile; fileRef = DD60217B2C76DAF500FE5280 /* MockNetworkManager.swift */; };
		DDA1723A2C76617500EC1A0B /* WeatherApp.swift in Sources */ = {isa = PBXBuildFile; fileRef = DDA172392C76617500EC1A0B /* WeatherApp.swift */; };
		DDA1723C2C76617500EC1A0B /* ContentView.swift in Sources */ = {isa = PBXBuildFile; fileRef = DDA1723B2C76617500EC1A0B /* ContentView.swift */; };
		DDA1723E2C76617600EC1A0B /* Assets.xcassets in Resources */ = {isa = PBXBuildFile; fileRef = DDA1723D2C76617600EC1A0B /* Assets.xcassets */; };
		DDA172412C76617600EC1A0B /* Preview Assets.xcassets in Resources */ = {isa = PBXBuildFile; fileRef = DDA172402C76617600EC1A0B /* Preview Assets.xcassets */; };
		DDA1724B2C76617600EC1A0B /* WeatherTests.swift in Sources */ = {isa = PBXBuildFile; fileRef = DDA1724A2C76617600EC1A0B /* WeatherTests.swift */; };
		DDA172692C76626200EC1A0B /* WeatherModel.swift in Sources */ = {isa = PBXBuildFile; fileRef = DDA172682C76626200EC1A0B /* WeatherModel.swift */; };
		DDA1726C2C76627300EC1A0B /* Constants.swift in Sources */ = {isa = PBXBuildFile; fileRef = DDA1726A2C76627300EC1A0B /* Constants.swift */; };
		DDA1726D2C76627300EC1A0B /* Int+Extension.swift in Sources */ = {isa = PBXBuildFile; fileRef = DDA1726B2C76627300EC1A0B /* Int+Extension.swift */; };
		DDA1726F2C76627D00EC1A0B /* NetworkManager.swift in Sources */ = {isa = PBXBuildFile; fileRef = DDA1726E2C76627D00EC1A0B /* NetworkManager.swift */; };
		DDA172712C76629400EC1A0B /* WeatherViewModel.swift in Sources */ = {isa = PBXBuildFile; fileRef = DDA172702C76629400EC1A0B /* WeatherViewModel.swift */; };
		DDA172752C766A7B00EC1A0B /* DailyWeatherNavigator.swift in Sources */ = {isa = PBXBuildFile; fileRef = DDA172732C766A7B00EC1A0B /* DailyWeatherNavigator.swift */; };
		DDA1727B2C76757700EC1A0B /* LocationManager.swift in Sources */ = {isa = PBXBuildFile; fileRef = DDA1727A2C76757700EC1A0B /* LocationManager.swift */; };
		DDA1727D2C7677A300EC1A0B /* WeatherView.swift in Sources */ = {isa = PBXBuildFile; fileRef = DDA1727C2C7677A300EC1A0B /* WeatherView.swift */; };
		DDA1727F2C76785F00EC1A0B /* SearchBar.swift in Sources */ = {isa = PBXBuildFile; fileRef = DDA1727E2C76785F00EC1A0B /* SearchBar.swift */; };
/* End PBXBuildFile section */

/* Begin PBXContainerItemProxy section */
		DDA172472C76617600EC1A0B /* PBXContainerItemProxy */ = {
			isa = PBXContainerItemProxy;
			containerPortal = DDA1722E2C76617500EC1A0B /* Project object */;
			proxyType = 1;
			remoteGlobalIDString = DDA172352C76617500EC1A0B;
			remoteInfo = Weather;
		};
		DDA172512C76617600EC1A0B /* PBXContainerItemProxy */ = {
			isa = PBXContainerItemProxy;
			containerPortal = DDA1722E2C76617500EC1A0B /* Project object */;
			proxyType = 1;
			remoteGlobalIDString = DDA172352C76617500EC1A0B;
			remoteInfo = Weather;
		};
/* End PBXContainerItemProxy section */

/* Begin PBXFileReference section */
		DD60217B2C76DAF500FE5280 /* MockNetworkManager.swift */ = {isa = PBXFileReference; lastKnownFileType = sourcecode.swift; path = MockNetworkManager.swift; sourceTree = "<group>"; };
		DDA172362C76617500EC1A0B /* Weather.app */ = {isa = PBXFileReference; explicitFileType = wrapper.application; includeInIndex = 0; path = Weather.app; sourceTree = BUILT_PRODUCTS_DIR; };
		DDA172392C76617500EC1A0B /* WeatherApp.swift */ = {isa = PBXFileReference; lastKnownFileType = sourcecode.swift; path = WeatherApp.swift; sourceTree = "<group>"; };
		DDA1723B2C76617500EC1A0B /* ContentView.swift */ = {isa = PBXFileReference; lastKnownFileType = sourcecode.swift; path = ContentView.swift; sourceTree = "<group>"; };
		DDA1723D2C76617600EC1A0B /* Assets.xcassets */ = {isa = PBXFileReference; lastKnownFileType = folder.assetcatalog; path = Assets.xcassets; sourceTree = "<group>"; };
		DDA172402C76617600EC1A0B /* Preview Assets.xcassets */ = {isa = PBXFileReference; lastKnownFileType = folder.assetcatalog; path = "Preview Assets.xcassets"; sourceTree = "<group>"; };
		DDA172462C76617600EC1A0B /* WeatherTests.xctest */ = {isa = PBXFileReference; explicitFileType = wrapper.cfbundle; includeInIndex = 0; path = WeatherTests.xctest; sourceTree = BUILT_PRODUCTS_DIR; };
		DDA1724A2C76617600EC1A0B /* WeatherTests.swift */ = {isa = PBXFileReference; lastKnownFileType = sourcecode.swift; path = WeatherTests.swift; sourceTree = "<group>"; };
		DDA172502C76617600EC1A0B /* WeatherUITests.xctest */ = {isa = PBXFileReference; explicitFileType = wrapper.cfbundle; includeInIndex = 0; path = WeatherUITests.xctest; sourceTree = BUILT_PRODUCTS_DIR; };
		DDA172682C76626200EC1A0B /* WeatherModel.swift */ = {isa = PBXFileReference; fileEncoding = 4; lastKnownFileType = sourcecode.swift; path = WeatherModel.swift; sourceTree = "<group>"; };
		DDA1726A2C76627300EC1A0B /* Constants.swift */ = {isa = PBXFileReference; fileEncoding = 4; lastKnownFileType = sourcecode.swift; path = Constants.swift; sourceTree = "<group>"; };
		DDA1726B2C76627300EC1A0B /* Int+Extension.swift */ = {isa = PBXFileReference; fileEncoding = 4; lastKnownFileType = sourcecode.swift; path = "Int+Extension.swift"; sourceTree = "<group>"; };
		DDA1726E2C76627D00EC1A0B /* NetworkManager.swift */ = {isa = PBXFileReference; fileEncoding = 4; lastKnownFileType = sourcecode.swift; path = NetworkManager.swift; sourceTree = "<group>"; };
		DDA172702C76629400EC1A0B /* WeatherViewModel.swift */ = {isa = PBXFileReference; fileEncoding = 4; lastKnownFileType = sourcecode.swift; path = WeatherViewModel.swift; sourceTree = "<group>"; };
		DDA172732C766A7B00EC1A0B /* DailyWeatherNavigator.swift */ = {isa = PBXFileReference; fileEncoding = 4; lastKnownFileType = sourcecode.swift; path = DailyWeatherNavigator.swift; sourceTree = "<group>"; };
		DDA1727A2C76757700EC1A0B /* LocationManager.swift */ = {isa = PBXFileReference; fileEncoding = 4; lastKnownFileType = sourcecode.swift; path = LocationManager.swift; sourceTree = "<group>"; };
		DDA1727C2C7677A300EC1A0B /* WeatherView.swift */ = {isa = PBXFileReference; lastKnownFileType = sourcecode.swift; path = WeatherView.swift; sourceTree = "<group>"; };
		DDA1727E2C76785F00EC1A0B /* SearchBar.swift */ = {isa = PBXFileReference; fileEncoding = 4; lastKnownFileType = sourcecode.swift; path = SearchBar.swift; sourceTree = "<group>"; };
/* End PBXFileReference section */

/* Begin PBXFrameworksBuildPhase section */
		DDA172332C76617500EC1A0B /* Frameworks */ = {
			isa = PBXFrameworksBuildPhase;
			buildActionMask = 2147483647;
			files = (
			);
			runOnlyForDeploymentPostprocessing = 0;
		};
		DDA172432C76617600EC1A0B /* Frameworks */ = {
			isa = PBXFrameworksBuildPhase;
			buildActionMask = 2147483647;
			files = (
			);
			runOnlyForDeploymentPostprocessing = 0;
		};
		DDA1724D2C76617600EC1A0B /* Frameworks */ = {
			isa = PBXFrameworksBuildPhase;
			buildActionMask = 2147483647;
			files = (
			);
			runOnlyForDeploymentPostprocessing = 0;
		};
/* End PBXFrameworksBuildPhase section */

/* Begin PBXGroup section */
		DDA1722D2C76617500EC1A0B = {
			isa = PBXGroup;
			children = (
				DDA172382C76617500EC1A0B /* Weather */,
				DDA172492C76617600EC1A0B /* WeatherTests */,
				DDA172372C76617500EC1A0B /* Products */,
			);
			sourceTree = "<group>";
		};
		DDA172372C76617500EC1A0B /* Products */ = {
			isa = PBXGroup;
			children = (
				DDA172362C76617500EC1A0B /* Weather.app */,
				DDA172462C76617600EC1A0B /* WeatherTests.xctest */,
				DDA172502C76617600EC1A0B /* WeatherUITests.xctest */,
			);
			name = Products;
			sourceTree = "<group>";
		};
		DDA172382C76617500EC1A0B /* Weather */ = {
			isa = PBXGroup;
			children = (
				DDA172392C76617500EC1A0B /* WeatherApp.swift */,
				DDA172792C76756A00EC1A0B /* Helper */,
				DDA172722C766A6800EC1A0B /* Navigator */,
				DDA172672C7661C200EC1A0B /* Utilities */,
				DDA172662C7661B500EC1A0B /* NetworkService */,
				DDA172632C76617F00EC1A0B /* Model */,
				DDA172642C76618900EC1A0B /* View */,
				DDA172652C7661A300EC1A0B /* ViewModel */,
				DDA1723D2C76617600EC1A0B /* Assets.xcassets */,
				DDA1723F2C76617600EC1A0B /* Preview Content */,
			);
			path = Weather;
			sourceTree = "<group>";
		};
		DDA1723F2C76617600EC1A0B /* Preview Content */ = {
			isa = PBXGroup;
			children = (
				DDA172402C76617600EC1A0B /* Preview Assets.xcassets */,
			);
			path = "Preview Content";
			sourceTree = "<group>";
		};
		DDA172492C76617600EC1A0B /* WeatherTests */ = {
			isa = PBXGroup;
			children = (
				DDA1724A2C76617600EC1A0B /* WeatherTests.swift */,
			);
			path = WeatherTests;
			sourceTree = "<group>";
		};
		DDA172632C76617F00EC1A0B /* Model */ = {
			isa = PBXGroup;
			children = (
				DDA172682C76626200EC1A0B /* WeatherModel.swift */,
			);
			path = Model;
			sourceTree = "<group>";
		};
		DDA172642C76618900EC1A0B /* View */ = {
			isa = PBXGroup;
			children = (
				DDA1723B2C76617500EC1A0B /* ContentView.swift */,
				DDA1727C2C7677A300EC1A0B /* WeatherView.swift */,
				DDA1727E2C76785F00EC1A0B /* SearchBar.swift */,
			);
			path = View;
			sourceTree = "<group>";
		};
		DDA172652C7661A300EC1A0B /* ViewModel */ = {
			isa = PBXGroup;
			children = (
				DDA172702C76629400EC1A0B /* WeatherViewModel.swift */,
			);
			path = ViewModel;
			sourceTree = "<group>";
		};
		DDA172662C7661B500EC1A0B /* NetworkService */ = {
			isa = PBXGroup;
			children = (
				DDA1726E2C76627D00EC1A0B /* NetworkManager.swift */,
				DD60217B2C76DAF500FE5280 /* MockNetworkManager.swift */,
			);
			path = NetworkService;
			sourceTree = "<group>";
		};
		DDA172672C7661C200EC1A0B /* Utilities */ = {
			isa = PBXGroup;
			children = (
				DDA1726A2C76627300EC1A0B /* Constants.swift */,
				DDA1726B2C76627300EC1A0B /* Int+Extension.swift */,
			);
			path = Utilities;
			sourceTree = "<group>";
		};
		DDA172722C766A6800EC1A0B /* Navigator */ = {
			isa = PBXGroup;
			children = (
				DDA172732C766A7B00EC1A0B /* DailyWeatherNavigator.swift */,
			);
			path = Navigator;
			sourceTree = "<group>";
		};
		DDA172792C76756A00EC1A0B /* Helper */ = {
			isa = PBXGroup;
			children = (
				DDA1727A2C76757700EC1A0B /* LocationManager.swift */,
			);
			path = Helper;
			sourceTree = "<group>";
		};
/* End PBXGroup section */

/* Begin PBXNativeTarget section */
		DDA172352C76617500EC1A0B /* Weather */ = {
			isa = PBXNativeTarget;
			buildConfigurationList = DDA1725A2C76617600EC1A0B /* Build configuration list for PBXNativeTarget "Weather" */;
			buildPhases = (
				DDA172322C76617500EC1A0B /* Sources */,
				DDA172332C76617500EC1A0B /* Frameworks */,
				DDA172342C76617500EC1A0B /* Resources */,
			);
			buildRules = (
			);
			dependencies = (
			);
			name = Weather;
			productName = Weather;
			productReference = DDA172362C76617500EC1A0B /* Weather.app */;
			productType = "com.apple.product-type.application";
		};
		DDA172452C76617600EC1A0B /* WeatherTests */ = {
			isa = PBXNativeTarget;
			buildConfigurationList = DDA1725D2C76617600EC1A0B /* Build configuration list for PBXNativeTarget "WeatherTests" */;
			buildPhases = (
				DDA172422C76617600EC1A0B /* Sources */,
				DDA172432C76617600EC1A0B /* Frameworks */,
				DDA172442C76617600EC1A0B /* Resources */,
			);
			buildRules = (
			);
			dependencies = (
				DDA172482C76617600EC1A0B /* PBXTargetDependency */,
			);
			name = WeatherTests;
			productName = WeatherTests;
			productReference = DDA172462C76617600EC1A0B /* WeatherTests.xctest */;
			productType = "com.apple.product-type.bundle.unit-test";
		};
		DDA1724F2C76617600EC1A0B /* WeatherUITests */ = {
			isa = PBXNativeTarget;
			buildConfigurationList = DDA172602C76617600EC1A0B /* Build configuration list for PBXNativeTarget "WeatherUITests" */;
			buildPhases = (
				DDA1724C2C76617600EC1A0B /* Sources */,
				DDA1724D2C76617600EC1A0B /* Frameworks */,
				DDA1724E2C76617600EC1A0B /* Resources */,
			);
			buildRules = (
			);
			dependencies = (
				DDA172522C76617600EC1A0B /* PBXTargetDependency */,
			);
			name = WeatherUITests;
			productName = WeatherUITests;
			productReference = DDA172502C76617600EC1A0B /* WeatherUITests.xctest */;
			productType = "com.apple.product-type.bundle.ui-testing";
		};
/* End PBXNativeTarget section */

/* Begin PBXProject section */
		DDA1722E2C76617500EC1A0B /* Project object */ = {
			isa = PBXProject;
			attributes = {
				BuildIndependentTargetsInParallel = 1;
				LastSwiftUpdateCheck = 1540;
				LastUpgradeCheck = 1540;
				TargetAttributes = {
					DDA172352C76617500EC1A0B = {
						CreatedOnToolsVersion = 15.4;
					};
					DDA172452C76617600EC1A0B = {
						CreatedOnToolsVersion = 15.4;
						TestTargetID = DDA172352C76617500EC1A0B;
					};
					DDA1724F2C76617600EC1A0B = {
						CreatedOnToolsVersion = 15.4;
						TestTargetID = DDA172352C76617500EC1A0B;
					};
				};
			};
			buildConfigurationList = DDA172312C76617500EC1A0B /* Build configuration list for PBXProject "Weather" */;
			compatibilityVersion = "Xcode 14.0";
			developmentRegion = en;
			hasScannedForEncodings = 0;
			knownRegions = (
				en,
				Base,
			);
			mainGroup = DDA1722D2C76617500EC1A0B;
			productRefGroup = DDA172372C76617500EC1A0B /* Products */;
			projectDirPath = "";
			projectRoot = "";
			targets = (
				DDA172352C76617500EC1A0B /* Weather */,
				DDA172452C76617600EC1A0B /* WeatherTests */,
				DDA1724F2C76617600EC1A0B /* WeatherUITests */,
			);
		};
/* End PBXProject section */

/* Begin PBXResourcesBuildPhase section */
		DDA172342C76617500EC1A0B /* Resources */ = {
			isa = PBXResourcesBuildPhase;
			buildActionMask = 2147483647;
			files = (
				DDA172412C76617600EC1A0B /* Preview Assets.xcassets in Resources */,
				DDA1723E2C76617600EC1A0B /* Assets.xcassets in Resources */,
			);
			runOnlyForDeploymentPostprocessing = 0;
		};
		DDA172442C76617600EC1A0B /* Resources */ = {
			isa = PBXResourcesBuildPhase;
			buildActionMask = 2147483647;
			files = (
			);
			runOnlyForDeploymentPostprocessing = 0;
		};
		DDA1724E2C76617600EC1A0B /* Resources */ = {
			isa = PBXResourcesBuildPhase;
			buildActionMask = 2147483647;
			files = (
			);
			runOnlyForDeploymentPostprocessing = 0;
		};
/* End PBXResourcesBuildPhase section */

/* Begin PBXSourcesBuildPhase section */
		DDA172322C76617500EC1A0B /* Sources */ = {
			isa = PBXSourcesBuildPhase;
			buildActionMask = 2147483647;
			files = (
				DDA1726F2C76627D00EC1A0B /* NetworkManager.swift in Sources */,
				DDA1726D2C76627300EC1A0B /* Int+Extension.swift in Sources */,
				DDA1723C2C76617500EC1A0B /* ContentView.swift in Sources */,
				DDA172712C76629400EC1A0B /* WeatherViewModel.swift in Sources */,
				DDA172752C766A7B00EC1A0B /* DailyWeatherNavigator.swift in Sources */,
				DDA1727D2C7677A300EC1A0B /* WeatherView.swift in Sources */,
				DD60217C2C76DAF500FE5280 /* MockNetworkManager.swift in Sources */,
				DDA172692C76626200EC1A0B /* WeatherModel.swift in Sources */,
				DDA1723A2C76617500EC1A0B /* WeatherApp.swift in Sources */,
				DDA1726C2C76627300EC1A0B /* Constants.swift in Sources */,
				DDA1727F2C76785F00EC1A0B /* SearchBar.swift in Sources */,
				DDA1727B2C76757700EC1A0B /* LocationManager.swift in Sources */,
			);
			runOnlyForDeploymentPostprocessing = 0;
		};
		DDA172422C76617600EC1A0B /* Sources */ = {
			isa = PBXSourcesBuildPhase;
			buildActionMask = 2147483647;
			files = (
				DDA1724B2C76617600EC1A0B /* WeatherTests.swift in Sources */,
			);
			runOnlyForDeploymentPostprocessing = 0;
		};
		DDA1724C2C76617600EC1A0B /* Sources */ = {
			isa = PBXSourcesBuildPhase;
			buildActionMask = 2147483647;
			files = (
			);
			runOnlyForDeploymentPostprocessing = 0;
		};
/* End PBXSourcesBuildPhase section */

/* Begin PBXTargetDependency section */
		DDA172482C76617600EC1A0B /* PBXTargetDependency */ = {
			isa = PBXTargetDependency;
			target = DDA172352C76617500EC1A0B /* Weather */;
			targetProxy = DDA172472C76617600EC1A0B /* PBXContainerItemProxy */;
		};
		DDA172522C76617600EC1A0B /* PBXTargetDependency */ = {
			isa = PBXTargetDependency;
			target = DDA172352C76617500EC1A0B /* Weather */;
			targetProxy = DDA172512C76617600EC1A0B /* PBXContainerItemProxy */;
		};
/* End PBXTargetDependency section */

/* Begin XCBuildConfiguration section */
		DDA172582C76617600EC1A0B /* Debug */ = {
			isa = XCBuildConfiguration;
			buildSettings = {
				ALWAYS_SEARCH_USER_PATHS = NO;
				ASSETCATALOG_COMPILER_GENERATE_SWIFT_ASSET_SYMBOL_EXTENSIONS = YES;
				CLANG_ANALYZER_NONNULL = YES;
				CLANG_ANALYZER_NUMBER_OBJECT_CONVERSION = YES_AGGRESSIVE;
				CLANG_CXX_LANGUAGE_STANDARD = "gnu++20";
				CLANG_ENABLE_MODULES = YES;
				CLANG_ENABLE_OBJC_ARC = YES;
				CLANG_ENABLE_OBJC_WEAK = YES;
				CLANG_WARN_BLOCK_CAPTURE_AUTORELEASING = YES;
				CLANG_WARN_BOOL_CONVERSION = YES;
				CLANG_WARN_COMMA = YES;
				CLANG_WARN_CONSTANT_CONVERSION = YES;
				CLANG_WARN_DEPRECATED_OBJC_IMPLEMENTATIONS = YES;
				CLANG_WARN_DIRECT_OBJC_ISA_USAGE = YES_ERROR;
				CLANG_WARN_DOCUMENTATION_COMMENTS = YES;
				CLANG_WARN_EMPTY_BODY = YES;
				CLANG_WARN_ENUM_CONVERSION = YES;
				CLANG_WARN_INFINITE_RECURSION = YES;
				CLANG_WARN_INT_CONVERSION = YES;
				CLANG_WARN_NON_LITERAL_NULL_CONVERSION = YES;
				CLANG_WARN_OBJC_IMPLICIT_RETAIN_SELF = YES;
				CLANG_WARN_OBJC_LITERAL_CONVERSION = YES;
				CLANG_WARN_OBJC_ROOT_CLASS = YES_ERROR;
				CLANG_WARN_QUOTED_INCLUDE_IN_FRAMEWORK_HEADER = YES;
				CLANG_WARN_RANGE_LOOP_ANALYSIS = YES;
				CLANG_WARN_STRICT_PROTOTYPES = YES;
				CLANG_WARN_SUSPICIOUS_MOVE = YES;
				CLANG_WARN_UNGUARDED_AVAILABILITY = YES_AGGRESSIVE;
				CLANG_WARN_UNREACHABLE_CODE = YES;
				CLANG_WARN__DUPLICATE_METHOD_MATCH = YES;
				COPY_PHASE_STRIP = NO;
				DEBUG_INFORMATION_FORMAT = dwarf;
				ENABLE_STRICT_OBJC_MSGSEND = YES;
				ENABLE_TESTABILITY = YES;
				ENABLE_USER_SCRIPT_SANDBOXING = YES;
				GCC_C_LANGUAGE_STANDARD = gnu17;
				GCC_DYNAMIC_NO_PIC = NO;
				GCC_NO_COMMON_BLOCKS = YES;
				GCC_OPTIMIZATION_LEVEL = 0;
				GCC_PREPROCESSOR_DEFINITIONS = (
					"DEBUG=1",
					"$(inherited)",
				);
				GCC_WARN_64_TO_32_BIT_CONVERSION = YES;
				GCC_WARN_ABOUT_RETURN_TYPE = YES_ERROR;
				GCC_WARN_UNDECLARED_SELECTOR = YES;
				GCC_WARN_UNINITIALIZED_AUTOS = YES_AGGRESSIVE;
				GCC_WARN_UNUSED_FUNCTION = YES;
				GCC_WARN_UNUSED_VARIABLE = YES;
				IPHONEOS_DEPLOYMENT_TARGET = 17.5;
				LOCALIZATION_PREFERS_STRING_CATALOGS = YES;
				MTL_ENABLE_DEBUG_INFO = INCLUDE_SOURCE;
				MTL_FAST_MATH = YES;
				ONLY_ACTIVE_ARCH = YES;
				SDKROOT = iphoneos;
				SWIFT_ACTIVE_COMPILATION_CONDITIONS = "DEBUG $(inherited)";
				SWIFT_OPTIMIZATION_LEVEL = "-Onone";
			};
			name = Debug;
		};
		DDA172592C76617600EC1A0B /* Release */ = {
			isa = XCBuildConfiguration;
			buildSettings = {
				ALWAYS_SEARCH_USER_PATHS = NO;
				ASSETCATALOG_COMPILER_GENERATE_SWIFT_ASSET_SYMBOL_EXTENSIONS = YES;
				CLANG_ANALYZER_NONNULL = YES;
				CLANG_ANALYZER_NUMBER_OBJECT_CONVERSION = YES_AGGRESSIVE;
				CLANG_CXX_LANGUAGE_STANDARD = "gnu++20";
				CLANG_ENABLE_MODULES = YES;
				CLANG_ENABLE_OBJC_ARC = YES;
				CLANG_ENABLE_OBJC_WEAK = YES;
				CLANG_WARN_BLOCK_CAPTURE_AUTORELEASING = YES;
				CLANG_WARN_BOOL_CONVERSION = YES;
				CLANG_WARN_COMMA = YES;
				CLANG_WARN_CONSTANT_CONVERSION = YES;
				CLANG_WARN_DEPRECATED_OBJC_IMPLEMENTATIONS = YES;
				CLANG_WARN_DIRECT_OBJC_ISA_USAGE = YES_ERROR;
				CLANG_WARN_DOCUMENTATION_COMMENTS = YES;
				CLANG_WARN_EMPTY_BODY = YES;
				CLANG_WARN_ENUM_CONVERSION = YES;
				CLANG_WARN_INFINITE_RECURSION = YES;
				CLANG_WARN_INT_CONVERSION = YES;
				CLANG_WARN_NON_LITERAL_NULL_CONVERSION = YES;
				CLANG_WARN_OBJC_IMPLICIT_RETAIN_SELF = YES;
				CLANG_WARN_OBJC_LITERAL_CONVERSION = YES;
				CLANG_WARN_OBJC_ROOT_CLASS = YES_ERROR;
				CLANG_WARN_QUOTED_INCLUDE_IN_FRAMEWORK_HEADER = YES;
				CLANG_WARN_RANGE_LOOP_ANALYSIS = YES;
				CLANG_WARN_STRICT_PROTOTYPES = YES;
				CLANG_WARN_SUSPICIOUS_MOVE = YES;
				CLANG_WARN_UNGUARDED_AVAILABILITY = YES_AGGRESSIVE;
				CLANG_WARN_UNREACHABLE_CODE = YES;
				CLANG_WARN__DUPLICATE_METHOD_MATCH = YES;
				COPY_PHASE_STRIP = NO;
				DEBUG_INFORMATION_FORMAT = "dwarf-with-dsym";
				ENABLE_NS_ASSERTIONS = NO;
				ENABLE_STRICT_OBJC_MSGSEND = YES;
				ENABLE_USER_SCRIPT_SANDBOXING = YES;
				GCC_C_LANGUAGE_STANDARD = gnu17;
				GCC_NO_COMMON_BLOCKS = YES;
				GCC_WARN_64_TO_32_BIT_CONVERSION = YES;
				GCC_WARN_ABOUT_RETURN_TYPE = YES_ERROR;
				GCC_WARN_UNDECLARED_SELECTOR = YES;
				GCC_WARN_UNINITIALIZED_AUTOS = YES_AGGRESSIVE;
				GCC_WARN_UNUSED_FUNCTION = YES;
				GCC_WARN_UNUSED_VARIABLE = YES;
				IPHONEOS_DEPLOYMENT_TARGET = 17.5;
				LOCALIZATION_PREFERS_STRING_CATALOGS = YES;
				MTL_ENABLE_DEBUG_INFO = NO;
				MTL_FAST_MATH = YES;
				SDKROOT = iphoneos;
				SWIFT_COMPILATION_MODE = wholemodule;
				VALIDATE_PRODUCT = YES;
			};
			name = Release;
		};
		DDA1725B2C76617600EC1A0B /* Debug */ = {
			isa = XCBuildConfiguration;
			buildSettings = {
				ASSETCATALOG_COMPILER_APPICON_NAME = AppIcon;
				ASSETCATALOG_COMPILER_GLOBAL_ACCENT_COLOR_NAME = AccentColor;
				CODE_SIGN_STYLE = Automatic;
				CURRENT_PROJECT_VERSION = 1;
				DEVELOPMENT_ASSET_PATHS = "\"Weather/Preview Content\"";
				ENABLE_PREVIEWS = YES;
				GENERATE_INFOPLIST_FILE = YES;
				INFOPLIST_KEY_NSLocationWhenInUseUsageDescription = "We need your location to provide you with the current weather data.";
				INFOPLIST_KEY_UIApplicationSceneManifest_Generation = YES;
				INFOPLIST_KEY_UIApplicationSupportsIndirectInputEvents = YES;
				INFOPLIST_KEY_UILaunchScreen_Generation = YES;
				INFOPLIST_KEY_UISupportedInterfaceOrientations_iPad = "UIInterfaceOrientationPortrait UIInterfaceOrientationPortraitUpsideDown UIInterfaceOrientationLandscapeLeft UIInterfaceOrientationLandscapeRight";
				INFOPLIST_KEY_UISupportedInterfaceOrientations_iPhone = "UIInterfaceOrientationPortrait UIInterfaceOrientationLandscapeLeft UIInterfaceOrientationLandscapeRight";
				LD_RUNPATH_SEARCH_PATHS = (
					"$(inherited)",
					"@executable_path/Frameworks",
				);
				MARKETING_VERSION = 1.0;
				PRODUCT_BUNDLE_IDENTIFIER = com.venkat.Weather;
				PRODUCT_NAME = "$(TARGET_NAME)";
				SWIFT_EMIT_LOC_STRINGS = YES;
				SWIFT_VERSION = 5.0;
				TARGETED_DEVICE_FAMILY = "1,2";
			};
			name = Debug;
		};
		DDA1725C2C76617600EC1A0B /* Release */ = {
			isa = XCBuildConfiguration;
			buildSettings = {
				ASSETCATALOG_COMPILER_APPICON_NAME = AppIcon;
				ASSETCATALOG_COMPILER_GLOBAL_ACCENT_COLOR_NAME = AccentColor;
				CODE_SIGN_STYLE = Automatic;
				CURRENT_PROJECT_VERSION = 1;
				DEVELOPMENT_ASSET_PATHS = "\"Weather/Preview Content\"";
				ENABLE_PREVIEWS = YES;
				GENERATE_INFOPLIST_FILE = YES;
				INFOPLIST_KEY_NSLocationWhenInUseUsageDescription = "We need your location to provide you with the current weather data.";
				INFOPLIST_KEY_UIApplicationSceneManifest_Generation = YES;
				INFOPLIST_KEY_UIApplicationSupportsIndirectInputEvents = YES;
				INFOPLIST_KEY_UILaunchScreen_Generation = YES;
				INFOPLIST_KEY_UISupportedInterfaceOrientations_iPad = "UIInterfaceOrientationPortrait UIInterfaceOrientationPortraitUpsideDown UIInterfaceOrientationLandscapeLeft UIInterfaceOrientationLandscapeRight";
				INFOPLIST_KEY_UISupportedInterfaceOrientations_iPhone = "UIInterfaceOrientationPortrait UIInterfaceOrientationLandscapeLeft UIInterfaceOrientationLandscapeRight";
				LD_RUNPATH_SEARCH_PATHS = (
					"$(inherited)",
					"@executable_path/Frameworks",
				);
				MARKETING_VERSION = 1.0;
				PRODUCT_BUNDLE_IDENTIFIER = com.venkat.Weather;
				PRODUCT_NAME = "$(TARGET_NAME)";
				SWIFT_EMIT_LOC_STRINGS = YES;
				SWIFT_VERSION = 5.0;
				TARGETED_DEVICE_FAMILY = "1,2";
			};
			name = Release;
		};
		DDA1725E2C76617600EC1A0B /* Debug */ = {
			isa = XCBuildConfiguration;
			buildSettings = {
				ALWAYS_EMBED_SWIFT_STANDARD_LIBRARIES = YES;
				BUNDLE_LOADER = "$(TEST_HOST)";
				CODE_SIGN_STYLE = Automatic;
				CURRENT_PROJECT_VERSION = 1;
				GENERATE_INFOPLIST_FILE = YES;
				IPHONEOS_DEPLOYMENT_TARGET = 17.5;
				MARKETING_VERSION = 1.0;
				PRODUCT_BUNDLE_IDENTIFIER = com.venkat.WeatherTests;
				PRODUCT_NAME = "$(TARGET_NAME)";
				SWIFT_EMIT_LOC_STRINGS = NO;
				SWIFT_VERSION = 5.0;
				TARGETED_DEVICE_FAMILY = "1,2";
				TEST_HOST = "$(BUILT_PRODUCTS_DIR)/Weather.app/$(BUNDLE_EXECUTABLE_FOLDER_PATH)/Weather";
			};
			name = Debug;
		};
		DDA1725F2C76617600EC1A0B /* Release */ = {
			isa = XCBuildConfiguration;
			buildSettings = {
				ALWAYS_EMBED_SWIFT_STANDARD_LIBRARIES = YES;
				BUNDLE_LOADER = "$(TEST_HOST)";
				CODE_SIGN_STYLE = Automatic;
				CURRENT_PROJECT_VERSION = 1;
				GENERATE_INFOPLIST_FILE = YES;
				IPHONEOS_DEPLOYMENT_TARGET = 17.5;
				MARKETING_VERSION = 1.0;
				PRODUCT_BUNDLE_IDENTIFIER = com.venkat.WeatherTests;
				PRODUCT_NAME = "$(TARGET_NAME)";
				SWIFT_EMIT_LOC_STRINGS = NO;
				SWIFT_VERSION = 5.0;
				TARGETED_DEVICE_FAMILY = "1,2";
				TEST_HOST = "$(BUILT_PRODUCTS_DIR)/Weather.app/$(BUNDLE_EXECUTABLE_FOLDER_PATH)/Weather";
			};
			name = Release;
		};
		DDA172612C76617600EC1A0B /* Debug */ = {
			isa = XCBuildConfiguration;
			buildSettings = {
				ALWAYS_EMBED_SWIFT_STANDARD_LIBRARIES = YES;
				CODE_SIGN_STYLE = Automatic;
				CURRENT_PROJECT_VERSION = 1;
				GENERATE_INFOPLIST_FILE = YES;
				MARKETING_VERSION = 1.0;
				PRODUCT_BUNDLE_IDENTIFIER = com.venkat.WeatherUITests;
				PRODUCT_NAME = "$(TARGET_NAME)";
				SWIFT_EMIT_LOC_STRINGS = NO;
				SWIFT_VERSION = 5.0;
				TARGETED_DEVICE_FAMILY = "1,2";
				TEST_TARGET_NAME = Weather;
			};
			name = Debug;
		};
		DDA172622C76617600EC1A0B /* Release */ = {
			isa = XCBuildConfiguration;
			buildSettings = {
				ALWAYS_EMBED_SWIFT_STANDARD_LIBRARIES = YES;
				CODE_SIGN_STYLE = Automatic;
				CURRENT_PROJECT_VERSION = 1;
				GENERATE_INFOPLIST_FILE = YES;
				MARKETING_VERSION = 1.0;
				PRODUCT_BUNDLE_IDENTIFIER = com.venkat.WeatherUITests;
				PRODUCT_NAME = "$(TARGET_NAME)";
				SWIFT_EMIT_LOC_STRINGS = NO;
				SWIFT_VERSION = 5.0;
				TARGETED_DEVICE_FAMILY = "1,2";
				TEST_TARGET_NAME = Weather;
			};
			name = Release;
		};
/* End XCBuildConfiguration section */

/* Begin XCConfigurationList section */
		DDA172312C76617500EC1A0B /* Build configuration list for PBXProject "Weather" */ = {
			isa = XCConfigurationList;
			buildConfigurations = (
				DDA172582C76617600EC1A0B /* Debug */,
				DDA172592C76617600EC1A0B /* Release */,
			);
			defaultConfigurationIsVisible = 0;
			defaultConfigurationName = Release;
		};
		DDA1725A2C76617600EC1A0B /* Build configuration list for PBXNativeTarget "Weather" */ = {
			isa = XCConfigurationList;
			buildConfigurations = (
				DDA1725B2C76617600EC1A0B /* Debug */,
				DDA1725C2C76617600EC1A0B /* Release */,
			);
			defaultConfigurationIsVisible = 0;
			defaultConfigurationName = Release;
		};
		DDA1725D2C76617600EC1A0B /* Build configuration list for PBXNativeTarget "WeatherTests" */ = {
			isa = XCConfigurationList;
			buildConfigurations = (
				DDA1725E2C76617600EC1A0B /* Debug */,
				DDA1725F2C76617600EC1A0B /* Release */,
			);
			defaultConfigurationIsVisible = 0;
			defaultConfigurationName = Release;
		};
		DDA172602C76617600EC1A0B /* Build configuration list for PBXNativeTarget "WeatherUITests" */ = {
			isa = XCConfigurationList;
			buildConfigurations = (
				DDA172612C76617600EC1A0B /* Debug */,
				DDA172622C76617600EC1A0B /* Release */,
			);
			defaultConfigurationIsVisible = 0;
			defaultConfigurationName = Release;
		};
/* End XCConfigurationList section */
	};
	rootObject = DDA1722E2C76617500EC1A0B /* Project object */;
}
